{
  "lockfile-version": 1,
  "manifest": {
    "version": 1,
    "install": {
      "go": {
        "pkg-path": "go"
      }
    },
    "hook": {},
    "profile": {},
    "options": {},
    "build": {
      "hello": {
        "command": "  mkdir -p $out/bin\n  go build\n  cp hello $out/bin/hello\n",
        "description": "My custom program printing hello world in Go"
      },
      "hello-opt": {
        "command": " \n  go build -ldflags=\"-s -w\" -gcflags=\"-l=4\"\n  mkdir -p $out/bin\n  cp hello $out/bin/hello\n",
        "version": "1.0.0",
        "description": "A program that greets you, very quickly"
      }
    }
  },
  "packages": [
    {
      "attr_path": "go",
      "broken": false,
      "derivation": "/nix/store/v7qj03wniy60xgg9jkn8mwzi2ds413n9-go-1.25.3.drv",
      "description": "Go Programming language",
      "install_id": "go",
      "license": "BSD-3-Clause",
      "locked_url": "https://github.com/flox/nixpkgs?rev=c5ae371f1a6a7fd27823bc500d9390b38c05fa55",
      "name": "go-1.25.3",
      "pname": "go",
      "rev": "c5ae371f1a6a7fd27823bc500d9390b38c05fa55",
      "rev_count": 895122,
      "rev_date": "2025-11-12T20:02:36Z",
      "scrape_date": "2025-11-14T16:41:16.752290Z",
      "stabilities": [
        "staging",
        "unstable"
      ],
      "unfree": false,
      "version": "1.25.3",
      "outputs_to_install": [
        "out"
      ],
      "outputs": {
        "out": "/nix/store/pkb0xf89mjr3j7b8lvz0vsm4c44vckyh-go-1.25.3"
      },
      "system": "aarch64-darwin",
      "group": "toplevel",
      "priority": 5
    },
    {
      "attr_path": "go",
      "broken": false,
      "derivation": "/nix/store/wsk4ha7hjm8zmxg0a825kiari38rkx83-go-1.25.3.drv",
      "description": "Go Programming language",
      "install_id": "go",
      "license": "BSD-3-Clause",
      "locked_url": "https://github.com/flox/nixpkgs?rev=c5ae371f1a6a7fd27823bc500d9390b38c05fa55",
      "name": "go-1.25.3",
      "pname": "go",
      "rev": "c5ae371f1a6a7fd27823bc500d9390b38c05fa55",
      "rev_count": 895122,
      "rev_date": "2025-11-12T20:02:36Z",
      "scrape_date": "2025-11-14T17:18:27.531772Z",
      "stabilities": [
        "staging",
        "unstable"
      ],
      "unfree": false,
      "version": "1.25.3",
      "outputs_to_install": [
        "out"
      ],
      "outputs": {
        "out": "/nix/store/ybh1p0f6sd3i7b66chf3gd8b1yy41p0c-go-1.25.3"
      },
      "system": "aarch64-linux",
      "group": "toplevel",
      "priority": 5
    },
    {
      "attr_path": "go",
      "broken": false,
      "derivation": "/nix/store/h4pfi85jzljix176qkxvcc6rs0pbchhq-go-1.25.3.drv",
      "description": "Go Programming language",
      "install_id": "go",
      "license": "BSD-3-Clause",
      "locked_url": "https://github.com/flox/nixpkgs?rev=c5ae371f1a6a7fd27823bc500d9390b38c05fa55",
      "name": "go-1.25.3",
      "pname": "go",
      "rev": "c5ae371f1a6a7fd27823bc500d9390b38c05fa55",
      "rev_count": 895122,
      "rev_date": "2025-11-12T20:02:36Z",
      "scrape_date": "2025-11-14T17:52:17.868514Z",
      "stabilities": [
        "staging",
        "unstable"
      ],
      "unfree": false,
      "version": "1.25.3",
      "outputs_to_install": [
        "out"
      ],
      "outputs": {
        "out": "/nix/store/w7nnzc7a6r1s3pg6lmiqwcsabrj17q08-go-1.25.3"
      },
      "system": "x86_64-darwin",
      "group": "toplevel",
      "priority": 5
    },
    {
      "attr_path": "go",
      "broken": false,
      "derivation": "/nix/store/d9bwxq0nqb37n9r6aib5sk1zvdyc392g-go-1.25.3.drv",
      "description": "Go Programming language",
      "install_id": "go",
      "license": "BSD-3-Clause",
      "locked_url": "https://github.com/flox/nixpkgs?rev=c5ae371f1a6a7fd27823bc500d9390b38c05fa55",
      "name": "go-1.25.3",
      "pname": "go",
      "rev": "c5ae371f1a6a7fd27823bc500d9390b38c05fa55",
      "rev_count": 895122,
      "rev_date": "2025-11-12T20:02:36Z",
      "scrape_date": "2025-11-14T18:31:38.924433Z",
      "stabilities": [
        "staging",
        "unstable"
      ],
      "unfree": false,
      "version": "1.25.3",
      "outputs_to_install": [
        "out"
      ],
      "outputs": {
        "out": "/nix/store/rq8lpjjzfymaznpsfvrymhqrvfg854ms-go-1.25.3"
      },
      "system": "x86_64-linux",
      "group": "toplevel",
      "priority": 5
    }
  ]
}
